{
  "name": "@retorquere/csl-formatter",
  "version": "1.0.8",
  "lockfileVersion": 2,
  "requires": true,
  "packages": {
    "": {
      "name": "@retorquere/csl-formatter",
      "version": "1.0.8",
      "license": "MIT",
      "dependencies": {
        "@xmldom/xmldom": "^0.8.0",
        "unidiffer": "^0.0.10"
      },
      "bin": {
        "style-formatter": "bin/style-formatter"
      }
    },
    "node_modules/@xmldom/xmldom": {
      "version": "0.8.0",
      "resolved": "https://registry.npmjs.org/@xmldom/xmldom/-/xmldom-0.8.0.tgz",
      "integrity": "sha512-7wVnF+rKrVDEo1xjzkkidTG0grclaVnX0vKa0z9JSXcEdtftUJjvU33jLGg6SHyvs3eeqEsI7jZ6NxYfRypEEg==",
      "engines": {
        "node": ">=10.0.0"
      }
    },
    "node_modules/diff": {
      "version": "3.5.0",
      "resolved": "https://registry.npmjs.org/diff/-/diff-3.5.0.tgz",
      "integrity": "sha512-A46qtFgd+g7pDZinpnwiRJtxbC1hpgf0uzP3iG89scHk0AUC7A1TGxf5OiiOUv/JMZR8GOt8hL900hV0bOy5xA==",
      "engines": {
        "node": ">=0.3.1"
      }
    },
    "node_modules/unidiffer": {
      "version": "0.0.10",
      "resolved": "https://registry.npmjs.org/unidiffer/-/unidiffer-0.0.10.tgz",
      "integrity": "sha512-pXq2i67Z015FDsT81juYrPkwX5SXA5mAPRu1w7ceQrXHho4Hf00AXSZIgyj8tJFpf7mNTb6EV9USbCJs1TBNJw==",
      "dependencies": {
        "diff": "^3.5.0"
      }
    }
  },
  "dependencies": {
    "@xmldom/xmldom": {
      "version": "0.8.0",
      "resolved": "https://registry.npmjs.org/@xmldom/xmldom/-/xmldom-0.8.0.tgz",
      "integrity": "sha512-7wVnF+rKrVDEo1xjzkkidTG0grclaVnX0vKa0z9JSXcEdtftUJjvU33jLGg6SHyvs3eeqEsI7jZ6NxYfRypEEg=="
    },
    "diff": {
      "version": "3.5.0",
      "resolved": "https://registry.npmjs.org/diff/-/diff-3.5.0.tgz",
      "integrity": "sha512-A46qtFgd+g7pDZinpnwiRJtxbC1hpgf0uzP3iG89scHk0AUC7A1TGxf5OiiOUv/JMZR8GOt8hL900hV0bOy5xA=="
    },
    "unidiffer": {
      "version": "0.0.10",
      "resolved": "https://registry.npmjs.org/unidiffer/-/unidiffer-0.0.10.tgz",
      "integrity": "sha512-pXq2i67Z015FDsT81juYrPkwX5SXA5mAPRu1w7ceQrXHho4Hf00AXSZIgyj8tJFpf7mNTb6EV9USbCJs1TBNJw==",
      "requires": {
        "diff": "^3.5.0"
      }
    }
  }
}
